
Microsoft Visual Studio Solution File, Format Version 12.00
# Visual Studio Version 16
VisualStudioVersion = 16.0.31424.327
MinimumVisualStudioVersion = 10.0.40219.1
Project("{FAE04EC0-301F-11D3-BF4B-00C04F79EFBC}") = "aula2_codelab", "aula2_codelab.csproj", "{053CC465-C573-4344-A6F4-628BB05AFF05}"
EndProject
Global
	GlobalSection(SolutionConfigurationPlatforms) = preSolution
		Debug|Any CPU = Debug|Any CPU
		Release|Any CPU = Release|Any CPU
	EndGlobalSection
	GlobalSection(ProjectConfigurationPlatforms) = postSolution
		{053CC465-C573-4344-A6F4-628BB05AFF05}.Debug|Any CPU.ActiveCfg = Debug|Any CPU
		{053CC465-C573-4344-A6F4-628BB05AFF05}.Debug|Any CPU.Build.0 = Debug|Any CPU
		{053CC465-C573-4344-A6F4-628BB05AFF05}.Release|Any CPU.ActiveCfg = Release|Any CPU
		{053CC465-C573-4344-A6F4-628BB05AFF05}.Release|Any CPU.Build.0 = Release|Any CPU
	EndGlobalSection
	GlobalSection(SolutionProperties) = preSolution
		HideSolutionNode = FALSE
	EndGlobalSection
	GlobalSection(ExtensibilityGlobals) = postSolution
		SolutionGuid = {A16CD6BA-A222-40AB-82D7-5CE10E0BD1FF}
	EndGlobalSection
EndGlobal
