
Microsoft Visual Studio Solution File, Format Version 12.00
# Visual Studio Version 16
VisualStudioVersion = 16.0.31424.327
MinimumVisualStudioVersion = 10.0.40219.1
Project("{FAE04EC0-301F-11D3-BF4B-00C04F79EFBC}") = "Aula2", "Aula2\Aula2.csproj", "{70CB8C2D-C096-44A2-9E4C-4BC7D71D7214}"
EndProject
Global
	GlobalSection(SolutionConfigurationPlatforms) = preSolution
		Debug|Any CPU = Debug|Any CPU
		Release|Any CPU = Release|Any CPU
	EndGlobalSection
	GlobalSection(ProjectConfigurationPlatforms) = postSolution
		{70CB8C2D-C096-44A2-9E4C-4BC7D71D7214}.Debug|Any CPU.ActiveCfg = Debug|Any CPU
		{70CB8C2D-C096-44A2-9E4C-4BC7D71D7214}.Debug|Any CPU.Build.0 = Debug|Any CPU
		{70CB8C2D-C096-44A2-9E4C-4BC7D71D7214}.Release|Any CPU.ActiveCfg = Release|Any CPU
		{70CB8C2D-C096-44A2-9E4C-4BC7D71D7214}.Release|Any CPU.Build.0 = Release|Any CPU
	EndGlobalSection
	GlobalSection(SolutionProperties) = preSolution
		HideSolutionNode = FALSE
	EndGlobalSection
	GlobalSection(ExtensibilityGlobals) = postSolution
		SolutionGuid = {F767C4FB-F8BE-4A38-8FEB-25C476CA6176}
	EndGlobalSection
EndGlobal
